
Microsoft Visual Studio Solution File, Format Version 12.00
# Visual Studio Version 16
VisualStudioVersion = 16.0.31205.134
MinimumVisualStudioVersion = 10.0.40219.1
Project("{9A19103F-16F7-4668-BE54-9A1E7A4F7556}") = "Common", "Common\Common.csproj", "{B5C833AD-1006-458A-8881-4EFE6473A07A}"
EndProject
Project("{9A19103F-16F7-4668-BE54-9A1E7A4F7556}") = "Startup", "Startup\Startup.csproj", "{D3DED0CC-F9F1-4F61-BFC6-2F75254E8AD5}"
EndProject
Project("{9A19103F-16F7-4668-BE54-9A1E7A4F7556}") = "App", "App\App.csproj", "{41970860-4109-4CF5-835F-6B5175DAB47F}"
EndProject
Project("{FAE04EC0-301F-11D3-BF4B-00C04F79EFBC}") = "Business.AspNet", "VSIX\Business.AspNet.csproj", "{525C2B09-F31A-419A-8617-640619CAF77A}"
EndProject
Project("{FAE04EC0-301F-11D3-BF4B-00C04F79EFBC}") = "Client", "Client\Client.csproj", "{69FFABFA-A80D-4D5B-B748-4F912713B267}"
EndProject
Global
	GlobalSection(SolutionConfigurationPlatforms) = preSolution
		Debug|Any CPU = Debug|Any CPU
		Release|Any CPU = Release|Any CPU
	EndGlobalSection
	GlobalSection(ProjectConfigurationPlatforms) = postSolution
		{B5C833AD-1006-458A-8881-4EFE6473A07A}.Debug|Any CPU.ActiveCfg = Debug|Any CPU
		{B5C833AD-1006-458A-8881-4EFE6473A07A}.Debug|Any CPU.Build.0 = Debug|Any CPU
		{B5C833AD-1006-458A-8881-4EFE6473A07A}.Release|Any CPU.ActiveCfg = Release|Any CPU
		{B5C833AD-1006-458A-8881-4EFE6473A07A}.Release|Any CPU.Build.0 = Release|Any CPU
		{D3DED0CC-F9F1-4F61-BFC6-2F75254E8AD5}.Debug|Any CPU.ActiveCfg = Debug|Any CPU
		{D3DED0CC-F9F1-4F61-BFC6-2F75254E8AD5}.Debug|Any CPU.Build.0 = Debug|Any CPU
		{D3DED0CC-F9F1-4F61-BFC6-2F75254E8AD5}.Release|Any CPU.ActiveCfg = Release|Any CPU
		{D3DED0CC-F9F1-4F61-BFC6-2F75254E8AD5}.Release|Any CPU.Build.0 = Release|Any CPU
		{41970860-4109-4CF5-835F-6B5175DAB47F}.Debug|Any CPU.ActiveCfg = Debug|Any CPU
		{41970860-4109-4CF5-835F-6B5175DAB47F}.Debug|Any CPU.Build.0 = Debug|Any CPU
		{41970860-4109-4CF5-835F-6B5175DAB47F}.Release|Any CPU.ActiveCfg = Release|Any CPU
		{41970860-4109-4CF5-835F-6B5175DAB47F}.Release|Any CPU.Build.0 = Release|Any CPU
		{525C2B09-F31A-419A-8617-640619CAF77A}.Debug|Any CPU.ActiveCfg = Debug|Any CPU
		{525C2B09-F31A-419A-8617-640619CAF77A}.Debug|Any CPU.Build.0 = Debug|Any CPU
		{525C2B09-F31A-419A-8617-640619CAF77A}.Release|Any CPU.ActiveCfg = Release|Any CPU
		{525C2B09-F31A-419A-8617-640619CAF77A}.Release|Any CPU.Build.0 = Release|Any CPU
		{69FFABFA-A80D-4D5B-B748-4F912713B267}.Debug|Any CPU.ActiveCfg = Debug|Any CPU
		{69FFABFA-A80D-4D5B-B748-4F912713B267}.Debug|Any CPU.Build.0 = Debug|Any CPU
		{69FFABFA-A80D-4D5B-B748-4F912713B267}.Release|Any CPU.ActiveCfg = Release|Any CPU
		{69FFABFA-A80D-4D5B-B748-4F912713B267}.Release|Any CPU.Build.0 = Release|Any CPU
	EndGlobalSection
	GlobalSection(SolutionProperties) = preSolution
		HideSolutionNode = FALSE
	EndGlobalSection
	GlobalSection(ExtensibilityGlobals) = postSolution
		SolutionGuid = {2BC0F0E1-E37B-4051-B629-ECE288FB0943}
	EndGlobalSection
EndGlobal
